
Microsoft Visual Studio Solution File, Format Version 12.00
# Visual Studio 15
VisualStudioVersion = 15.0.28307.705
MinimumVisualStudioVersion = 10.0.40219.1
Project("{FAE04EC0-301F-11D3-BF4B-00C04F79EFBC}") = "MeLang", "MeLang\MeLang.csproj", "{75888FD4-D5AC-4C14-A2F8-7C8909A5C856}"
EndProject
Project("{FAE04EC0-301F-11D3-BF4B-00C04F79EFBC}") = "MeLangTester", "MeLangTester\MeLangTester.csproj", "{D7EC950A-6A34-4B34-9F24-D07946387476}"
EndProject
Global
	GlobalSection(SolutionConfigurationPlatforms) = preSolution
		Debug|Any CPU = Debug|Any CPU
		Release|Any CPU = Release|Any CPU
	EndGlobalSection
	GlobalSection(ProjectConfigurationPlatforms) = postSolution
		{75888FD4-D5AC-4C14-A2F8-7C8909A5C856}.Debug|Any CPU.ActiveCfg = Debug|Any CPU
		{75888FD4-D5AC-4C14-A2F8-7C8909A5C856}.Debug|Any CPU.Build.0 = Debug|Any CPU
		{75888FD4-D5AC-4C14-A2F8-7C8909A5C856}.Release|Any CPU.ActiveCfg = Release|Any CPU
		{75888FD4-D5AC-4C14-A2F8-7C8909A5C856}.Release|Any CPU.Build.0 = Release|Any CPU
		{D7EC950A-6A34-4B34-9F24-D07946387476}.Debug|Any CPU.ActiveCfg = Debug|Any CPU
		{D7EC950A-6A34-4B34-9F24-D07946387476}.Debug|Any CPU.Build.0 = Debug|Any CPU
		{D7EC950A-6A34-4B34-9F24-D07946387476}.Release|Any CPU.ActiveCfg = Release|Any CPU
		{D7EC950A-6A34-4B34-9F24-D07946387476}.Release|Any CPU.Build.0 = Release|Any CPU
	EndGlobalSection
	GlobalSection(SolutionProperties) = preSolution
		HideSolutionNode = FALSE
	EndGlobalSection
	GlobalSection(ExtensibilityGlobals) = postSolution
		SolutionGuid = {5C68785D-10C9-4285-96BC-9E9BBC737C39}
	EndGlobalSection
EndGlobal
